Microsoft Visual Studio Solution File, Format Version 12.00
# Visual Studio 15
VisualStudioVersion = 15.0.26124.0
MinimumVisualStudioVersion = 15.0.26124.0
Project("{2150E333-8FDC-42A3-9474-1A3956D46DE8}") = "src", "src", "{7D7B7C18-8222-4C1B-9265-DBC95DD75250}"
EndProject
Project("{9A19103F-16F7-4668-BE54-9A1E7A4F7556}") = "Todo.Shared", "src\Todo.Shared\Todo.Shared.csproj", "{4E396831-092A-4208-9759-182A074D6B42}"
EndProject
Project("{9A19103F-16F7-4668-BE54-9A1E7A4F7556}") = "Todo.Web", "src\Todo.Web\Todo.Web.csproj", "{8C8D1E4D-727A-4BD6-B53A-BE5264E512A9}"
EndProject
Project("{9A19103F-16F7-4668-BE54-9A1E7A4F7556}") = "Todo.Client", "src\Todo.Client\Todo.Client.csproj", "{F22657E7-448A-4333-9992-DF202E3F737D}"
EndProject
Project("{9A19103F-16F7-4668-BE54-9A1E7A4F7556}") = "Todo.Database", "src\Todo.Database\Todo.Database.csproj", "{E406E5F1-5BEA-4589-A5B4-89DCAEA6BE50}"
EndProject
Project("{9A19103F-16F7-4668-BE54-9A1E7A4F7556}") = "Todo.Console", "src\Todo.Console\Todo.Console.csproj", "{08E096D4-B115-47E3-8098-2B6BC1EE8F9E}"
EndProject
Project("{9A19103F-16F7-4668-BE54-9A1E7A4F7556}") = "Todo.server", "src\Todo.server\Todo.server.csproj", "{16BF31C8-7289-4DAE-875B-0D283249E676}"
EndProject
Project("{9A19103F-16F7-4668-BE54-9A1E7A4F7556}") = "Todo.Autofac", "src\Todo.Autofac\Todo.Autofac.csproj", "{FB317999-BA17-4000-9CF4-7910E43B2F06}"
	ProjectSection(ProjectDependencies) = postProject
		{4E396831-092A-4208-9759-182A074D6B42} = {4E396831-092A-4208-9759-182A074D6B42}
		{F22657E7-448A-4333-9992-DF202E3F737D} = {F22657E7-448A-4333-9992-DF202E3F737D}
	EndProjectSection
EndProject
Global
	GlobalSection(SolutionConfigurationPlatforms) = preSolution
		Debug|Any CPU = Debug|Any CPU
		Debug|x64 = Debug|x64
		Debug|x86 = Debug|x86
		Release|Any CPU = Release|Any CPU
		Release|x64 = Release|x64
		Release|x86 = Release|x86
	EndGlobalSection
	GlobalSection(ProjectConfigurationPlatforms) = postSolution
		{4E396831-092A-4208-9759-182A074D6B42}.Debug|Any CPU.ActiveCfg = Debug|Any CPU
		{4E396831-092A-4208-9759-182A074D6B42}.Debug|Any CPU.Build.0 = Debug|Any CPU
		{4E396831-092A-4208-9759-182A074D6B42}.Debug|x64.ActiveCfg = Debug|Any CPU
		{4E396831-092A-4208-9759-182A074D6B42}.Debug|x64.Build.0 = Debug|Any CPU
		{4E396831-092A-4208-9759-182A074D6B42}.Debug|x86.ActiveCfg = Debug|Any CPU
		{4E396831-092A-4208-9759-182A074D6B42}.Debug|x86.Build.0 = Debug|Any CPU
		{4E396831-092A-4208-9759-182A074D6B42}.Release|Any CPU.ActiveCfg = Release|Any CPU
		{4E396831-092A-4208-9759-182A074D6B42}.Release|Any CPU.Build.0 = Release|Any CPU
		{4E396831-092A-4208-9759-182A074D6B42}.Release|x64.ActiveCfg = Release|Any CPU
		{4E396831-092A-4208-9759-182A074D6B42}.Release|x64.Build.0 = Release|Any CPU
		{4E396831-092A-4208-9759-182A074D6B42}.Release|x86.ActiveCfg = Release|Any CPU
		{4E396831-092A-4208-9759-182A074D6B42}.Release|x86.Build.0 = Release|Any CPU
		{8C8D1E4D-727A-4BD6-B53A-BE5264E512A9}.Debug|Any CPU.ActiveCfg = Debug|Any CPU
		{8C8D1E4D-727A-4BD6-B53A-BE5264E512A9}.Debug|Any CPU.Build.0 = Debug|Any CPU
		{8C8D1E4D-727A-4BD6-B53A-BE5264E512A9}.Debug|x64.ActiveCfg = Debug|Any CPU
		{8C8D1E4D-727A-4BD6-B53A-BE5264E512A9}.Debug|x64.Build.0 = Debug|Any CPU
		{8C8D1E4D-727A-4BD6-B53A-BE5264E512A9}.Debug|x86.ActiveCfg = Debug|Any CPU
		{8C8D1E4D-727A-4BD6-B53A-BE5264E512A9}.Debug|x86.Build.0 = Debug|Any CPU
		{8C8D1E4D-727A-4BD6-B53A-BE5264E512A9}.Release|Any CPU.ActiveCfg = Release|Any CPU
		{8C8D1E4D-727A-4BD6-B53A-BE5264E512A9}.Release|Any CPU.Build.0 = Release|Any CPU
		{8C8D1E4D-727A-4BD6-B53A-BE5264E512A9}.Release|x64.ActiveCfg = Release|Any CPU
		{8C8D1E4D-727A-4BD6-B53A-BE5264E512A9}.Release|x64.Build.0 = Release|Any CPU
		{8C8D1E4D-727A-4BD6-B53A-BE5264E512A9}.Release|x86.ActiveCfg = Release|Any CPU
		{8C8D1E4D-727A-4BD6-B53A-BE5264E512A9}.Release|x86.Build.0 = Release|Any CPU
		{F22657E7-448A-4333-9992-DF202E3F737D}.Debug|Any CPU.ActiveCfg = Debug|Any CPU
		{F22657E7-448A-4333-9992-DF202E3F737D}.Debug|Any CPU.Build.0 = Debug|Any CPU
		{F22657E7-448A-4333-9992-DF202E3F737D}.Debug|x64.ActiveCfg = Debug|Any CPU
		{F22657E7-448A-4333-9992-DF202E3F737D}.Debug|x64.Build.0 = Debug|Any CPU
		{F22657E7-448A-4333-9992-DF202E3F737D}.Debug|x86.ActiveCfg = Debug|Any CPU
		{F22657E7-448A-4333-9992-DF202E3F737D}.Debug|x86.Build.0 = Debug|Any CPU
		{F22657E7-448A-4333-9992-DF202E3F737D}.Release|Any CPU.ActiveCfg = Release|Any CPU
		{F22657E7-448A-4333-9992-DF202E3F737D}.Release|Any CPU.Build.0 = Release|Any CPU
		{F22657E7-448A-4333-9992-DF202E3F737D}.Release|x64.ActiveCfg = Release|Any CPU
		{F22657E7-448A-4333-9992-DF202E3F737D}.Release|x64.Build.0 = Release|Any CPU
		{F22657E7-448A-4333-9992-DF202E3F737D}.Release|x86.ActiveCfg = Release|Any CPU
		{F22657E7-448A-4333-9992-DF202E3F737D}.Release|x86.Build.0 = Release|Any CPU
		{E406E5F1-5BEA-4589-A5B4-89DCAEA6BE50}.Debug|Any CPU.ActiveCfg = Debug|Any CPU
		{E406E5F1-5BEA-4589-A5B4-89DCAEA6BE50}.Debug|Any CPU.Build.0 = Debug|Any CPU
		{E406E5F1-5BEA-4589-A5B4-89DCAEA6BE50}.Debug|x64.ActiveCfg = Debug|Any CPU
		{E406E5F1-5BEA-4589-A5B4-89DCAEA6BE50}.Debug|x64.Build.0 = Debug|Any CPU
		{E406E5F1-5BEA-4589-A5B4-89DCAEA6BE50}.Debug|x86.ActiveCfg = Debug|Any CPU
		{E406E5F1-5BEA-4589-A5B4-89DCAEA6BE50}.Debug|x86.Build.0 = Debug|Any CPU
		{E406E5F1-5BEA-4589-A5B4-89DCAEA6BE50}.Release|Any CPU.ActiveCfg = Release|Any CPU
		{E406E5F1-5BEA-4589-A5B4-89DCAEA6BE50}.Release|Any CPU.Build.0 = Release|Any CPU
		{E406E5F1-5BEA-4589-A5B4-89DCAEA6BE50}.Release|x64.ActiveCfg = Release|Any CPU
		{E406E5F1-5BEA-4589-A5B4-89DCAEA6BE50}.Release|x64.Build.0 = Release|Any CPU
		{E406E5F1-5BEA-4589-A5B4-89DCAEA6BE50}.Release|x86.ActiveCfg = Release|Any CPU
		{E406E5F1-5BEA-4589-A5B4-89DCAEA6BE50}.Release|x86.Build.0 = Release|Any CPU
		{08E096D4-B115-47E3-8098-2B6BC1EE8F9E}.Debug|Any CPU.ActiveCfg = Debug|Any CPU
		{08E096D4-B115-47E3-8098-2B6BC1EE8F9E}.Debug|Any CPU.Build.0 = Debug|Any CPU
		{08E096D4-B115-47E3-8098-2B6BC1EE8F9E}.Debug|x64.ActiveCfg = Debug|Any CPU
		{08E096D4-B115-47E3-8098-2B6BC1EE8F9E}.Debug|x64.Build.0 = Debug|Any CPU
		{08E096D4-B115-47E3-8098-2B6BC1EE8F9E}.Debug|x86.ActiveCfg = Debug|Any CPU
		{08E096D4-B115-47E3-8098-2B6BC1EE8F9E}.Debug|x86.Build.0 = Debug|Any CPU
		{08E096D4-B115-47E3-8098-2B6BC1EE8F9E}.Release|Any CPU.ActiveCfg = Release|Any CPU
		{08E096D4-B115-47E3-8098-2B6BC1EE8F9E}.Release|Any CPU.Build.0 = Release|Any CPU
		{08E096D4-B115-47E3-8098-2B6BC1EE8F9E}.Release|x64.ActiveCfg = Release|Any CPU
		{08E096D4-B115-47E3-8098-2B6BC1EE8F9E}.Release|x64.Build.0 = Release|Any CPU
		{08E096D4-B115-47E3-8098-2B6BC1EE8F9E}.Release|x86.ActiveCfg = Release|Any CPU
		{08E096D4-B115-47E3-8098-2B6BC1EE8F9E}.Release|x86.Build.0 = Release|Any CPU
		{16BF31C8-7289-4DAE-875B-0D283249E676}.Debug|Any CPU.ActiveCfg = Debug|Any CPU
		{16BF31C8-7289-4DAE-875B-0D283249E676}.Debug|Any CPU.Build.0 = Debug|Any CPU
		{16BF31C8-7289-4DAE-875B-0D283249E676}.Debug|x64.ActiveCfg = Debug|Any CPU
		{16BF31C8-7289-4DAE-875B-0D283249E676}.Debug|x64.Build.0 = Debug|Any CPU
		{16BF31C8-7289-4DAE-875B-0D283249E676}.Debug|x86.ActiveCfg = Debug|Any CPU
		{16BF31C8-7289-4DAE-875B-0D283249E676}.Debug|x86.Build.0 = Debug|Any CPU
		{16BF31C8-7289-4DAE-875B-0D283249E676}.Release|Any CPU.ActiveCfg = Release|Any CPU
		{16BF31C8-7289-4DAE-875B-0D283249E676}.Release|Any CPU.Build.0 = Release|Any CPU
		{16BF31C8-7289-4DAE-875B-0D283249E676}.Release|x64.ActiveCfg = Release|Any CPU
		{16BF31C8-7289-4DAE-875B-0D283249E676}.Release|x64.Build.0 = Release|Any CPU
		{16BF31C8-7289-4DAE-875B-0D283249E676}.Release|x86.ActiveCfg = Release|Any CPU
		{16BF31C8-7289-4DAE-875B-0D283249E676}.Release|x86.Build.0 = Release|Any CPU
		{FB317999-BA17-4000-9CF4-7910E43B2F06}.Debug|Any CPU.ActiveCfg = Debug|Any CPU
		{FB317999-BA17-4000-9CF4-7910E43B2F06}.Debug|Any CPU.Build.0 = Debug|Any CPU
		{FB317999-BA17-4000-9CF4-7910E43B2F06}.Debug|x64.ActiveCfg = Debug|Any CPU
		{FB317999-BA17-4000-9CF4-7910E43B2F06}.Debug|x64.Build.0 = Debug|Any CPU
		{FB317999-BA17-4000-9CF4-7910E43B2F06}.Debug|x86.ActiveCfg = Debug|Any CPU
		{FB317999-BA17-4000-9CF4-7910E43B2F06}.Debug|x86.Build.0 = Debug|Any CPU
		{FB317999-BA17-4000-9CF4-7910E43B2F06}.Release|Any CPU.ActiveCfg = Release|Any CPU
		{FB317999-BA17-4000-9CF4-7910E43B2F06}.Release|Any CPU.Build.0 = Release|Any CPU
		{FB317999-BA17-4000-9CF4-7910E43B2F06}.Release|x64.ActiveCfg = Release|Any CPU
		{FB317999-BA17-4000-9CF4-7910E43B2F06}.Release|x64.Build.0 = Release|Any CPU
		{FB317999-BA17-4000-9CF4-7910E43B2F06}.Release|x86.ActiveCfg = Release|Any CPU
		{FB317999-BA17-4000-9CF4-7910E43B2F06}.Release|x86.Build.0 = Release|Any CPU
	EndGlobalSection
	GlobalSection(SolutionProperties) = preSolution
		HideSolutionNode = FALSE
	EndGlobalSection
	GlobalSection(NestedProjects) = preSolution
		{4E396831-092A-4208-9759-182A074D6B42} = {7D7B7C18-8222-4C1B-9265-DBC95DD75250}
		{8C8D1E4D-727A-4BD6-B53A-BE5264E512A9} = {7D7B7C18-8222-4C1B-9265-DBC95DD75250}
		{F22657E7-448A-4333-9992-DF202E3F737D} = {7D7B7C18-8222-4C1B-9265-DBC95DD75250}
		{E406E5F1-5BEA-4589-A5B4-89DCAEA6BE50} = {7D7B7C18-8222-4C1B-9265-DBC95DD75250}
		{08E096D4-B115-47E3-8098-2B6BC1EE8F9E} = {7D7B7C18-8222-4C1B-9265-DBC95DD75250}
		{16BF31C8-7289-4DAE-875B-0D283249E676} = {7D7B7C18-8222-4C1B-9265-DBC95DD75250}
		{FB317999-BA17-4000-9CF4-7910E43B2F06} = {7D7B7C18-8222-4C1B-9265-DBC95DD75250}
	EndGlobalSection
	GlobalSection(ExtensibilityGlobals) = postSolution
		SolutionGuid = {693EDF57-283B-4237-86A6-027D1ADBAC1C}
	EndGlobalSection
EndGlobal
